{
  "name": "config-tsconfig",
  "version": "0.0.0",
  "lockfileVersion": 3,
  "requires": true,
  "packages": {
    "": {
      "name": "config-tsconfig",
      "version": "0.0.0",
      "dependencies": {
        "config-tsconfig": "file:"
      }
    },
    "node_modules/config-tsconfig": {
      "resolved": "",
      "link": true
    }
  }
}
