{
  "name": "utils-mui",
  "version": "0.0.0",
  "lockfileVersion": 3,
  "requires": true,
  "packages": {
    "": {
      "name": "utils-mui",
      "version": "0.0.0",
      "dependencies": {
        "utils-mui": "file:"
      },
      "devDependencies": {
        "config-tsconfig": "*"
      }
    },
    "node_modules/config-tsconfig": {
      "version": "0.0.0",
      "resolved": "https://registry.npmjs.org/config-tsconfig/-/config-tsconfig-0.0.0.tgz",
      "integrity": "sha512-Pz2KmSsoyWFCwQmTpk305kcvaDK1vK0eGvdhUCOtTw4OidnKICa9tBkBZW3MgSXjCFycBBwH1d/m8VCpOcprDQ==",
      "dev": true
    },
    "node_modules/utils-mui": {
      "resolved": "",
      "link": true
    }
  }
}
