{
  "name": "config-mui",
  "version": "0.0.0",
  "lockfileVersion": 3,
  "requires": true,
  "packages": {
    "": {
      "name": "config-mui",
      "version": "0.0.0",
      "dependencies": {
        "config-mui": "file:"
      }
    },
    "node_modules/config-mui": {
      "resolved": "",
      "link": true
    }
  }
}
